
Microsoft Visual Studio Solution File, Format Version 12.00
# Visual Studio 15
VisualStudioVersion = 15.0.27130.2010
MinimumVisualStudioVersion = 10.0.40219.1
Project("{9A19103F-16F7-4668-BE54-9A1E7A4F7556}") = "Identity.WebApp", "Identity.WebApp\Identity.WebApp.csproj", "{730147D6-0B85-41B9-894D-5049FD2A44CB}"
EndProject
Project("{2150E333-8FDC-42A3-9474-1A3956D46DE8}") = "Common", "Common", "{B371EF95-B07A-4C9A-B177-FFD822AC428B}"
EndProject
Project("{9A19103F-16F7-4668-BE54-9A1E7A4F7556}") = "Framework.Core", "Common\Framework.Core\Framework.Core.csproj", "{A19A67E0-6F32-4229-BE46-4BB6440D1F3F}"
EndProject
Project("{9A19103F-16F7-4668-BE54-9A1E7A4F7556}") = "Identity.Loclization", "Identity.Loclization\Identity.Loclization.csproj", "{BB9305E2-16E0-4B39-A5B1-128DB565075A}"
EndProject
Project("{9A19103F-16F7-4668-BE54-9A1E7A4F7556}") = "Framework.Web", "Common\Framework.Web\Framework.Web.csproj", "{EBACF608-D6E4-420F-980C-AD34BB87C7C5}"
EndProject
Project("{2150E333-8FDC-42A3-9474-1A3956D46DE8}") = "DLLS", "DLLS", "{00DEAB56-62A2-40B1-8E44-7F40C9CDEB92}"
	ProjectSection(SolutionItems) = preProject
		DLLS\expressive.annotations.validate.min.js = DLLS\expressive.annotations.validate.min.js
		DLLS\ExpressiveAnnotations.MvcCoreUnobtrusive.dll = DLLS\ExpressiveAnnotations.MvcCoreUnobtrusive.dll
		DLLS\ExpressiveAnnotationsCore.dll = DLLS\ExpressiveAnnotationsCore.dll
	EndProjectSection
EndProject
Global
	GlobalSection(SolutionConfigurationPlatforms) = preSolution
		Debug|Any CPU = Debug|Any CPU
		Release|Any CPU = Release|Any CPU
	EndGlobalSection
	GlobalSection(ProjectConfigurationPlatforms) = postSolution
		{730147D6-0B85-41B9-894D-5049FD2A44CB}.Debug|Any CPU.ActiveCfg = Debug|Any CPU
		{730147D6-0B85-41B9-894D-5049FD2A44CB}.Debug|Any CPU.Build.0 = Debug|Any CPU
		{730147D6-0B85-41B9-894D-5049FD2A44CB}.Release|Any CPU.ActiveCfg = Release|Any CPU
		{730147D6-0B85-41B9-894D-5049FD2A44CB}.Release|Any CPU.Build.0 = Release|Any CPU
		{A19A67E0-6F32-4229-BE46-4BB6440D1F3F}.Debug|Any CPU.ActiveCfg = Debug|Any CPU
		{A19A67E0-6F32-4229-BE46-4BB6440D1F3F}.Debug|Any CPU.Build.0 = Debug|Any CPU
		{A19A67E0-6F32-4229-BE46-4BB6440D1F3F}.Release|Any CPU.ActiveCfg = Release|Any CPU
		{A19A67E0-6F32-4229-BE46-4BB6440D1F3F}.Release|Any CPU.Build.0 = Release|Any CPU
		{BB9305E2-16E0-4B39-A5B1-128DB565075A}.Debug|Any CPU.ActiveCfg = Debug|Any CPU
		{BB9305E2-16E0-4B39-A5B1-128DB565075A}.Debug|Any CPU.Build.0 = Debug|Any CPU
		{BB9305E2-16E0-4B39-A5B1-128DB565075A}.Release|Any CPU.ActiveCfg = Release|Any CPU
		{BB9305E2-16E0-4B39-A5B1-128DB565075A}.Release|Any CPU.Build.0 = Release|Any CPU
		{EBACF608-D6E4-420F-980C-AD34BB87C7C5}.Debug|Any CPU.ActiveCfg = Debug|Any CPU
		{EBACF608-D6E4-420F-980C-AD34BB87C7C5}.Debug|Any CPU.Build.0 = Debug|Any CPU
		{EBACF608-D6E4-420F-980C-AD34BB87C7C5}.Release|Any CPU.ActiveCfg = Release|Any CPU
		{EBACF608-D6E4-420F-980C-AD34BB87C7C5}.Release|Any CPU.Build.0 = Release|Any CPU
	EndGlobalSection
	GlobalSection(SolutionProperties) = preSolution
		HideSolutionNode = FALSE
	EndGlobalSection
	GlobalSection(NestedProjects) = preSolution
		{A19A67E0-6F32-4229-BE46-4BB6440D1F3F} = {B371EF95-B07A-4C9A-B177-FFD822AC428B}
		{EBACF608-D6E4-420F-980C-AD34BB87C7C5} = {B371EF95-B07A-4C9A-B177-FFD822AC428B}
	EndGlobalSection
	GlobalSection(ExtensibilityGlobals) = postSolution
		SolutionGuid = {18F10F99-C9E8-4724-A614-94BE843C4711}
	EndGlobalSection
EndGlobal
